{
  "object": {
    "pins": [
      {
        "package": "SwiftyXMLParser",
        "repositoryURL": "https://github.com/yahoojapan/SwiftyXMLParser.git",
        "state": {
          "branch": null,
          "revision": "9d82653e535a13a518b411934c0a5c0c84406c22",
          "version": "5.2.0"
        }
      }
    ]
  },
  "version": 1
}
